
Microsoft Visual Studio Solution File, Format Version 12.00
# Visual Studio 14
VisualStudioVersion = 14.0.25420.1
MinimumVisualStudioVersion = 10.0.40219.1
Project("{FAE04EC0-301F-11D3-BF4B-00C04F79EFBC}") = "Api.Test", "Api.Test\Api.Test.csproj", "{7611C4E3-B60A-4B4C-8AA3-0BC9EA49A566}"
EndProject
Project("{FAE04EC0-301F-11D3-BF4B-00C04F79EFBC}") = "Bot.Services", "Bot.Services\Bot.Services.csproj", "{5F86B049-7E2A-4697-A928-09F504F65014}"
EndProject
Project("{FAE04EC0-301F-11D3-BF4B-00C04F79EFBC}") = "Bot.DAL", "Bot.DAL\Bot.DAL.csproj", "{5773A8AD-F7F1-4D83-B504-8F003498C85D}"
EndProject
Project("{FAE04EC0-301F-11D3-BF4B-00C04F79EFBC}") = "Bot.Model", "Bot.Model\Bot.Model.csproj", "{A8B6348D-DAB4-4770-8555-AD83EDD2C378}"
EndProject
Project("{FAE04EC0-301F-11D3-BF4B-00C04F79EFBC}") = "Bot.Web", "Bot.Web\Bot.Web.csproj", "{E2F940B7-6808-4FEA-B72C-09CEE8C11CD3}"
EndProject
Project("{2150E333-8FDC-42A3-9474-1A3956D46DE8}") = "TelegramBot", "TelegramBot", "{DA1DFD09-914E-4D58-AA10-0F97CB596214}"
EndProject
Project("{FAE04EC0-301F-11D3-BF4B-00C04F79EFBC}") = "TelegramBot", "TelegramBot\TelegramBot.csproj", "{6A5FA4F4-BAE9-42E4-AEDD-F42268AC3D6A}"
EndProject
Project("{FAE04EC0-301F-11D3-BF4B-00C04F79EFBC}") = "TelegramBotTest", "TelegramBotTest\TelegramBotTest.csproj", "{1CDB0B59-BC1B-4DB9-A9C7-914DA1481F38}"
EndProject
Project("{FAE04EC0-301F-11D3-BF4B-00C04F79EFBC}") = "Bot.ApplicationForTests", "Bot.ApplicationForTests\Bot.ApplicationForTests.csproj", "{2096C76C-67FD-4D28-B861-4E582E8AC6BB}"
EndProject
Global
	GlobalSection(SolutionConfigurationPlatforms) = preSolution
		Debug|Any CPU = Debug|Any CPU
		Release|Any CPU = Release|Any CPU
	EndGlobalSection
	GlobalSection(ProjectConfigurationPlatforms) = postSolution
		{7611C4E3-B60A-4B4C-8AA3-0BC9EA49A566}.Debug|Any CPU.ActiveCfg = Debug|Any CPU
		{7611C4E3-B60A-4B4C-8AA3-0BC9EA49A566}.Debug|Any CPU.Build.0 = Debug|Any CPU
		{7611C4E3-B60A-4B4C-8AA3-0BC9EA49A566}.Release|Any CPU.ActiveCfg = Release|Any CPU
		{7611C4E3-B60A-4B4C-8AA3-0BC9EA49A566}.Release|Any CPU.Build.0 = Release|Any CPU
		{5F86B049-7E2A-4697-A928-09F504F65014}.Debug|Any CPU.ActiveCfg = Debug|Any CPU
		{5F86B049-7E2A-4697-A928-09F504F65014}.Debug|Any CPU.Build.0 = Debug|Any CPU
		{5F86B049-7E2A-4697-A928-09F504F65014}.Release|Any CPU.ActiveCfg = Release|Any CPU
		{5F86B049-7E2A-4697-A928-09F504F65014}.Release|Any CPU.Build.0 = Release|Any CPU
		{5773A8AD-F7F1-4D83-B504-8F003498C85D}.Debug|Any CPU.ActiveCfg = Debug|Any CPU
		{5773A8AD-F7F1-4D83-B504-8F003498C85D}.Debug|Any CPU.Build.0 = Debug|Any CPU
		{5773A8AD-F7F1-4D83-B504-8F003498C85D}.Release|Any CPU.ActiveCfg = Release|Any CPU
		{5773A8AD-F7F1-4D83-B504-8F003498C85D}.Release|Any CPU.Build.0 = Release|Any CPU
		{A8B6348D-DAB4-4770-8555-AD83EDD2C378}.Debug|Any CPU.ActiveCfg = Debug|Any CPU
		{A8B6348D-DAB4-4770-8555-AD83EDD2C378}.Debug|Any CPU.Build.0 = Debug|Any CPU
		{A8B6348D-DAB4-4770-8555-AD83EDD2C378}.Release|Any CPU.ActiveCfg = Release|Any CPU
		{A8B6348D-DAB4-4770-8555-AD83EDD2C378}.Release|Any CPU.Build.0 = Release|Any CPU
		{E2F940B7-6808-4FEA-B72C-09CEE8C11CD3}.Debug|Any CPU.ActiveCfg = Debug|Any CPU
		{E2F940B7-6808-4FEA-B72C-09CEE8C11CD3}.Debug|Any CPU.Build.0 = Debug|Any CPU
		{E2F940B7-6808-4FEA-B72C-09CEE8C11CD3}.Release|Any CPU.ActiveCfg = Release|Any CPU
		{E2F940B7-6808-4FEA-B72C-09CEE8C11CD3}.Release|Any CPU.Build.0 = Release|Any CPU
		{6A5FA4F4-BAE9-42E4-AEDD-F42268AC3D6A}.Debug|Any CPU.ActiveCfg = Debug|Any CPU
		{6A5FA4F4-BAE9-42E4-AEDD-F42268AC3D6A}.Debug|Any CPU.Build.0 = Debug|Any CPU
		{6A5FA4F4-BAE9-42E4-AEDD-F42268AC3D6A}.Release|Any CPU.ActiveCfg = Release|Any CPU
		{6A5FA4F4-BAE9-42E4-AEDD-F42268AC3D6A}.Release|Any CPU.Build.0 = Release|Any CPU
		{1CDB0B59-BC1B-4DB9-A9C7-914DA1481F38}.Debug|Any CPU.ActiveCfg = Debug|Any CPU
		{1CDB0B59-BC1B-4DB9-A9C7-914DA1481F38}.Debug|Any CPU.Build.0 = Debug|Any CPU
		{1CDB0B59-BC1B-4DB9-A9C7-914DA1481F38}.Release|Any CPU.ActiveCfg = Release|Any CPU
		{1CDB0B59-BC1B-4DB9-A9C7-914DA1481F38}.Release|Any CPU.Build.0 = Release|Any CPU
		{2096C76C-67FD-4D28-B861-4E582E8AC6BB}.Debug|Any CPU.ActiveCfg = Debug|Any CPU
		{2096C76C-67FD-4D28-B861-4E582E8AC6BB}.Debug|Any CPU.Build.0 = Debug|Any CPU
		{2096C76C-67FD-4D28-B861-4E582E8AC6BB}.Release|Any CPU.ActiveCfg = Release|Any CPU
		{2096C76C-67FD-4D28-B861-4E582E8AC6BB}.Release|Any CPU.Build.0 = Release|Any CPU
	EndGlobalSection
	GlobalSection(SolutionProperties) = preSolution
		HideSolutionNode = FALSE
	EndGlobalSection
	GlobalSection(NestedProjects) = preSolution
		{6A5FA4F4-BAE9-42E4-AEDD-F42268AC3D6A} = {DA1DFD09-914E-4D58-AA10-0F97CB596214}
		{1CDB0B59-BC1B-4DB9-A9C7-914DA1481F38} = {DA1DFD09-914E-4D58-AA10-0F97CB596214}
	EndGlobalSection
EndGlobal
